
Microsoft Visual Studio Solution File, Format Version 12.00
# Visual Studio Version 16
VisualStudioVersion = 16.0.30413.136
MinimumVisualStudioVersion = 10.0.40219.1
Project("{FAE04EC0-301F-11D3-BF4B-00C04F79EFBC}") = "LabGrillaASP", "LabGrillaASP.csproj", "{72C6FBAD-C9B2-4C8E-A7FD-6F0B0D0C05FF}"
EndProject
Project("{FAE04EC0-301F-11D3-BF4B-00C04F79EFBC}") = "Negocio", "..\Negocio\Negocio.csproj", "{83884C6A-26A9-4126-9D42-04BF0785485A}"
EndProject
Global
	GlobalSection(SolutionConfigurationPlatforms) = preSolution
		Debug|Any CPU = Debug|Any CPU
		Release|Any CPU = Release|Any CPU
	EndGlobalSection
	GlobalSection(ProjectConfigurationPlatforms) = postSolution
		{72C6FBAD-C9B2-4C8E-A7FD-6F0B0D0C05FF}.Debug|Any CPU.ActiveCfg = Debug|Any CPU
		{72C6FBAD-C9B2-4C8E-A7FD-6F0B0D0C05FF}.Debug|Any CPU.Build.0 = Debug|Any CPU
		{72C6FBAD-C9B2-4C8E-A7FD-6F0B0D0C05FF}.Release|Any CPU.ActiveCfg = Release|Any CPU
		{72C6FBAD-C9B2-4C8E-A7FD-6F0B0D0C05FF}.Release|Any CPU.Build.0 = Release|Any CPU
		{83884C6A-26A9-4126-9D42-04BF0785485A}.Debug|Any CPU.ActiveCfg = Debug|Any CPU
		{83884C6A-26A9-4126-9D42-04BF0785485A}.Debug|Any CPU.Build.0 = Debug|Any CPU
		{83884C6A-26A9-4126-9D42-04BF0785485A}.Release|Any CPU.ActiveCfg = Release|Any CPU
		{83884C6A-26A9-4126-9D42-04BF0785485A}.Release|Any CPU.Build.0 = Release|Any CPU
	EndGlobalSection
	GlobalSection(SolutionProperties) = preSolution
		HideSolutionNode = FALSE
	EndGlobalSection
	GlobalSection(ExtensibilityGlobals) = postSolution
		SolutionGuid = {442D5702-6A39-4802-8309-B213609A45B6}
	EndGlobalSection
EndGlobal
